
Microsoft Visual Studio Solution File, Format Version 12.00
# Visual Studio Version 16
VisualStudioVersion = 16.0.30611.23
MinimumVisualStudioVersion = 10.0.40219.1
Project("{FAE04EC0-301F-11D3-BF4B-00C04F79EFBC}") = "Ventas", "Ventas\Ventas.csproj", "{9A8C0EDC-4CC1-42BF-A192-4A93D32C82D8}"
EndProject
Global
	GlobalSection(SolutionConfigurationPlatforms) = preSolution
		Debug|Any CPU = Debug|Any CPU
		Release|Any CPU = Release|Any CPU
	EndGlobalSection
	GlobalSection(ProjectConfigurationPlatforms) = postSolution
		{9A8C0EDC-4CC1-42BF-A192-4A93D32C82D8}.Debug|Any CPU.ActiveCfg = Debug|Any CPU
		{9A8C0EDC-4CC1-42BF-A192-4A93D32C82D8}.Debug|Any CPU.Build.0 = Debug|Any CPU
		{9A8C0EDC-4CC1-42BF-A192-4A93D32C82D8}.Release|Any CPU.ActiveCfg = Release|Any CPU
		{9A8C0EDC-4CC1-42BF-A192-4A93D32C82D8}.Release|Any CPU.Build.0 = Release|Any CPU
	EndGlobalSection
	GlobalSection(SolutionProperties) = preSolution
		HideSolutionNode = FALSE
	EndGlobalSection
	GlobalSection(ExtensibilityGlobals) = postSolution
		SolutionGuid = {1ADCDC68-7124-4C0E-A54B-518D62CF063D}
	EndGlobalSection
EndGlobal
